
Microsoft Visual Studio Solution File, Format Version 12.00
# Visual Studio Version 17
VisualStudioVersion = 17.14.36518.9
MinimumVisualStudioVersion = 10.0.40219.1
Project("{FAE04EC0-301F-11D3-BF4B-00C04F79EFBC}") = "TransactionSystem.Api", "TransactionSystem.Api\TransactionSystem.Api.csproj", "{D1577416-CBDE-428F-A0F7-4842307144F6}"
EndProject
Project("{FAE04EC0-301F-11D3-BF4B-00C04F79EFBC}") = "TransactionSystem.Api.Tests.Unit", "TransactionSystem.Api.Tests.Unit\TransactionSystem.Api.Tests.Unit.csproj", "{50BC6F66-D01F-4DBD-89D9-072B3FD87A24}"
EndProject
Project("{FAE04EC0-301F-11D3-BF4B-00C04F79EFBC}") = "TransactionSystem.DataAccess", "TransactionSystem.DataAccess\TransactionSystem.DataAccess.csproj", "{5DE3EB6F-C890-4F1D-A1F1-5968E0BD9AC8}"
EndProject
Project("{FAE04EC0-301F-11D3-BF4B-00C04F79EFBC}") = "TransactionSystem.ConsoleApp", "TransactionSystem.ConsoleApp\TransactionSystem.ConsoleApp.csproj", "{B01907D1-A266-43DD-A48D-56B6AF4423CD}"
EndProject
Project("{FAE04EC0-301F-11D3-BF4B-00C04F79EFBC}") = "TransactionSystem.DataAccess.Tests.Unit", "TransactionSystem.DataAccess.Tests.Unit\TransactionSystem.DataAccess.Tests.Unit.csproj", "{248D471B-912F-4374-A66C-0DB69E6A1A9B}"
EndProject
Project("{2150E333-8FDC-42A3-9474-1A3956D46DE8}") = "Solution Items", "Solution Items", "{8EC462FD-D22E-90A8-E5CE-7E832BA40C5D}"
	ProjectSection(SolutionItems) = preProject
		README.md = README.md
	EndProjectSection
EndProject
Global
	GlobalSection(SolutionConfigurationPlatforms) = preSolution
		Debug|Any CPU = Debug|Any CPU
		Release|Any CPU = Release|Any CPU
	EndGlobalSection
	GlobalSection(ProjectConfigurationPlatforms) = postSolution
		{D1577416-CBDE-428F-A0F7-4842307144F6}.Debug|Any CPU.ActiveCfg = Debug|Any CPU
		{D1577416-CBDE-428F-A0F7-4842307144F6}.Debug|Any CPU.Build.0 = Debug|Any CPU
		{D1577416-CBDE-428F-A0F7-4842307144F6}.Release|Any CPU.ActiveCfg = Release|Any CPU
		{D1577416-CBDE-428F-A0F7-4842307144F6}.Release|Any CPU.Build.0 = Release|Any CPU
		{50BC6F66-D01F-4DBD-89D9-072B3FD87A24}.Debug|Any CPU.ActiveCfg = Debug|Any CPU
		{50BC6F66-D01F-4DBD-89D9-072B3FD87A24}.Debug|Any CPU.Build.0 = Debug|Any CPU
		{50BC6F66-D01F-4DBD-89D9-072B3FD87A24}.Release|Any CPU.ActiveCfg = Release|Any CPU
		{50BC6F66-D01F-4DBD-89D9-072B3FD87A24}.Release|Any CPU.Build.0 = Release|Any CPU
		{5DE3EB6F-C890-4F1D-A1F1-5968E0BD9AC8}.Debug|Any CPU.ActiveCfg = Debug|Any CPU
		{5DE3EB6F-C890-4F1D-A1F1-5968E0BD9AC8}.Debug|Any CPU.Build.0 = Debug|Any CPU
		{5DE3EB6F-C890-4F1D-A1F1-5968E0BD9AC8}.Release|Any CPU.ActiveCfg = Release|Any CPU
		{5DE3EB6F-C890-4F1D-A1F1-5968E0BD9AC8}.Release|Any CPU.Build.0 = Release|Any CPU
		{B01907D1-A266-43DD-A48D-56B6AF4423CD}.Debug|Any CPU.ActiveCfg = Debug|Any CPU
		{B01907D1-A266-43DD-A48D-56B6AF4423CD}.Debug|Any CPU.Build.0 = Debug|Any CPU
		{B01907D1-A266-43DD-A48D-56B6AF4423CD}.Release|Any CPU.ActiveCfg = Release|Any CPU
		{B01907D1-A266-43DD-A48D-56B6AF4423CD}.Release|Any CPU.Build.0 = Release|Any CPU
		{248D471B-912F-4374-A66C-0DB69E6A1A9B}.Debug|Any CPU.ActiveCfg = Debug|Any CPU
		{248D471B-912F-4374-A66C-0DB69E6A1A9B}.Debug|Any CPU.Build.0 = Debug|Any CPU
		{248D471B-912F-4374-A66C-0DB69E6A1A9B}.Release|Any CPU.ActiveCfg = Release|Any CPU
		{248D471B-912F-4374-A66C-0DB69E6A1A9B}.Release|Any CPU.Build.0 = Release|Any CPU
	EndGlobalSection
	GlobalSection(SolutionProperties) = preSolution
		HideSolutionNode = FALSE
	EndGlobalSection
	GlobalSection(ExtensibilityGlobals) = postSolution
		SolutionGuid = {D07EB555-FB1D-486D-983F-FDB821709081}
	EndGlobalSection
EndGlobal
